
Microsoft Visual Studio Solution File, Format Version 12.00
# Visual Studio Version 16
VisualStudioVersion = 16.0.31321.278
MinimumVisualStudioVersion = 10.0.40219.1
Project("{FAE04EC0-301F-11D3-BF4B-00C04F79EFBC}") = "Lopushok1", "Lopushok1\Lopushok1.csproj", "{32364021-8D04-49A7-8205-AC4DEEC8A603}"
EndProject
Global
	GlobalSection(SolutionConfigurationPlatforms) = preSolution
		Debug|Any CPU = Debug|Any CPU
		Release|Any CPU = Release|Any CPU
	EndGlobalSection
	GlobalSection(ProjectConfigurationPlatforms) = postSolution
		{32364021-8D04-49A7-8205-AC4DEEC8A603}.Debug|Any CPU.ActiveCfg = Debug|Any CPU
		{32364021-8D04-49A7-8205-AC4DEEC8A603}.Debug|Any CPU.Build.0 = Debug|Any CPU
		{32364021-8D04-49A7-8205-AC4DEEC8A603}.Release|Any CPU.ActiveCfg = Release|Any CPU
		{32364021-8D04-49A7-8205-AC4DEEC8A603}.Release|Any CPU.Build.0 = Release|Any CPU
	EndGlobalSection
	GlobalSection(SolutionProperties) = preSolution
		HideSolutionNode = FALSE
	EndGlobalSection
	GlobalSection(ExtensibilityGlobals) = postSolution
		SolutionGuid = {7FDA7BD6-6F25-4866-AC6B-33C9468D6863}
	EndGlobalSection
EndGlobal
